
Microsoft Visual Studio Solution File, Format Version 12.00
# Visual Studio Version 16
VisualStudioVersion = 16.0.33027.164
MinimumVisualStudioVersion = 10.0.40219.1
Project("{8BC9CEB8-8B4A-11D0-8D11-00A0C91BC942}") = "UCLAN Burger Ordering Application-Assignment CO1409", "UCLAN Burger Ordering Application-Assignment CO1409\UCLAN Burger Ordering Application-Assignment CO1409.vcxproj", "{BB3C05BF-AB27-48C1-AF92-50C44B1548A0}"
EndProject
Global
	GlobalSection(SolutionConfigurationPlatforms) = preSolution
		Debug|x64 = Debug|x64
		Debug|x86 = Debug|x86
		Release|x64 = Release|x64
		Release|x86 = Release|x86
	EndGlobalSection
	GlobalSection(ProjectConfigurationPlatforms) = postSolution
		{BB3C05BF-AB27-48C1-AF92-50C44B1548A0}.Debug|x64.ActiveCfg = Debug|x64
		{BB3C05BF-AB27-48C1-AF92-50C44B1548A0}.Debug|x64.Build.0 = Debug|x64
		{BB3C05BF-AB27-48C1-AF92-50C44B1548A0}.Debug|x86.ActiveCfg = Debug|Win32
		{BB3C05BF-AB27-48C1-AF92-50C44B1548A0}.Debug|x86.Build.0 = Debug|Win32
		{BB3C05BF-AB27-48C1-AF92-50C44B1548A0}.Release|x64.ActiveCfg = Release|x64
		{BB3C05BF-AB27-48C1-AF92-50C44B1548A0}.Release|x64.Build.0 = Release|x64
		{BB3C05BF-AB27-48C1-AF92-50C44B1548A0}.Release|x86.ActiveCfg = Release|Win32
		{BB3C05BF-AB27-48C1-AF92-50C44B1548A0}.Release|x86.Build.0 = Release|Win32
	EndGlobalSection
	GlobalSection(SolutionProperties) = preSolution
		HideSolutionNode = FALSE
	EndGlobalSection
	GlobalSection(ExtensibilityGlobals) = postSolution
		SolutionGuid = {3F62F1A2-09FC-44A6-8C13-67377804B4DF}
	EndGlobalSection
EndGlobal
